
Microsoft Visual Studio Solution File, Format Version 12.00
# Visual Studio Version 16
VisualStudioVersion = 16.0.33027.164
MinimumVisualStudioVersion = 10.0.40219.1
Project("{FAE04EC0-301F-11D3-BF4B-00C04F79EFBC}") = "TestingPagination", "TestingPagination\TestingPagination.csproj", "{7CB0F56C-EEC1-4EEC-9C99-B85D1E62614C}"
EndProject
Global
	GlobalSection(SolutionConfigurationPlatforms) = preSolution
		Debug|Any CPU = Debug|Any CPU
		Release|Any CPU = Release|Any CPU
	EndGlobalSection
	GlobalSection(ProjectConfigurationPlatforms) = postSolution
		{7CB0F56C-EEC1-4EEC-9C99-B85D1E62614C}.Debug|Any CPU.ActiveCfg = Debug|Any CPU
		{7CB0F56C-EEC1-4EEC-9C99-B85D1E62614C}.Debug|Any CPU.Build.0 = Debug|Any CPU
		{7CB0F56C-EEC1-4EEC-9C99-B85D1E62614C}.Release|Any CPU.ActiveCfg = Release|Any CPU
		{7CB0F56C-EEC1-4EEC-9C99-B85D1E62614C}.Release|Any CPU.Build.0 = Release|Any CPU
	EndGlobalSection
	GlobalSection(SolutionProperties) = preSolution
		HideSolutionNode = FALSE
	EndGlobalSection
	GlobalSection(ExtensibilityGlobals) = postSolution
		SolutionGuid = {B688F2DC-50B3-4135-B9CF-933434FA8E25}
	EndGlobalSection
EndGlobal
